
Microsoft Visual Studio Solution File, Format Version 12.00
# Visual Studio Version 17
VisualStudioVersion = 17.7.34202.233
MinimumVisualStudioVersion = 10.0.40219.1
Project("{FAE04EC0-301F-11D3-BF4B-00C04F79EFBC}") = "S10259948_PRG2Assignment", "ProgramminAssign\S10259948_PRG2Assignment.csproj", "{1DC26F96-3E8E-4F13-942F-407E5E2B6104}"
EndProject
Global
	GlobalSection(SolutionConfigurationPlatforms) = preSolution
		Debug|Any CPU = Debug|Any CPU
		Release|Any CPU = Release|Any CPU
	EndGlobalSection
	GlobalSection(ProjectConfigurationPlatforms) = postSolution
		{1DC26F96-3E8E-4F13-942F-407E5E2B6104}.Debug|Any CPU.ActiveCfg = Debug|Any CPU
		{1DC26F96-3E8E-4F13-942F-407E5E2B6104}.Debug|Any CPU.Build.0 = Debug|Any CPU
		{1DC26F96-3E8E-4F13-942F-407E5E2B6104}.Release|Any CPU.ActiveCfg = Release|Any CPU
		{1DC26F96-3E8E-4F13-942F-407E5E2B6104}.Release|Any CPU.Build.0 = Release|Any CPU
	EndGlobalSection
	GlobalSection(SolutionProperties) = preSolution
		HideSolutionNode = FALSE
	EndGlobalSection
	GlobalSection(ExtensibilityGlobals) = postSolution
		SolutionGuid = {76EDE396-2F45-41A6-82F1-1629AB57B8BF}
	EndGlobalSection
EndGlobal
